
Microsoft Visual Studio Solution File, Format Version 12.00
# Visual Studio Version 17
VisualStudioVersion = 17.4.33103.184
MinimumVisualStudioVersion = 10.0.40219.1
Project("{FAE04EC0-301F-11D3-BF4B-00C04F79EFBC}") = "ARC115ProyectoBiblioteca", "ARC115ProyectoBiblioteca.csproj", "{C551B661-ADA7-4A4F-A232-AA44D3B1C224}"
EndProject
Global
	GlobalSection(SolutionConfigurationPlatforms) = preSolution
		Debug|Any CPU = Debug|Any CPU
		Release|Any CPU = Release|Any CPU
	EndGlobalSection
	GlobalSection(ProjectConfigurationPlatforms) = postSolution
		{C551B661-ADA7-4A4F-A232-AA44D3B1C224}.Debug|Any CPU.ActiveCfg = Debug|Any CPU
		{C551B661-ADA7-4A4F-A232-AA44D3B1C224}.Debug|Any CPU.Build.0 = Debug|Any CPU
		{C551B661-ADA7-4A4F-A232-AA44D3B1C224}.Release|Any CPU.ActiveCfg = Release|Any CPU
		{C551B661-ADA7-4A4F-A232-AA44D3B1C224}.Release|Any CPU.Build.0 = Release|Any CPU
	EndGlobalSection
	GlobalSection(SolutionProperties) = preSolution
		HideSolutionNode = FALSE
	EndGlobalSection
	GlobalSection(ExtensibilityGlobals) = postSolution
		SolutionGuid = {65183521-E429-4659-82BE-9E8263FC7FF6}
	EndGlobalSection
EndGlobal
